
Microsoft Visual Studio Solution File, Format Version 12.00
# Visual Studio Version 17
VisualStudioVersion = 17.7.34221.43
MinimumVisualStudioVersion = 10.0.40219.1
Project("{FAE04EC0-301F-11D3-BF4B-00C04F79EFBC}") = "Week6Task1", "Week6Task1\Week6Task1.csproj", "{AD91ED57-40AD-42CB-8A66-D74813321D8F}"
EndProject
Global
	GlobalSection(SolutionConfigurationPlatforms) = preSolution
		Debug|Any CPU = Debug|Any CPU
		Release|Any CPU = Release|Any CPU
	EndGlobalSection
	GlobalSection(ProjectConfigurationPlatforms) = postSolution
		{AD91ED57-40AD-42CB-8A66-D74813321D8F}.Debug|Any CPU.ActiveCfg = Debug|Any CPU
		{AD91ED57-40AD-42CB-8A66-D74813321D8F}.Debug|Any CPU.Build.0 = Debug|Any CPU
		{AD91ED57-40AD-42CB-8A66-D74813321D8F}.Release|Any CPU.ActiveCfg = Release|Any CPU
		{AD91ED57-40AD-42CB-8A66-D74813321D8F}.Release|Any CPU.Build.0 = Release|Any CPU
	EndGlobalSection
	GlobalSection(SolutionProperties) = preSolution
		HideSolutionNode = FALSE
	EndGlobalSection
	GlobalSection(ExtensibilityGlobals) = postSolution
		SolutionGuid = {A82D82AF-647B-4470-85CC-784C54385E80}
	EndGlobalSection
EndGlobal
